// !$*UTF8*$!
{
	archiveVersion = 1;
	classes = {
	};
	objectVersion = 56;
	objects = {

/* Begin PBXBuildFile section */
		5107F5B62C24C0FD00F61165 /* TTBBangBBangApp.swift in Sources */ = {isa = PBXBuildFile; fileRef = 5107F5B52C24C0FD00F61165 /* TTBBangBBangApp.swift */; };
		5107F5BD2C24C0FF00F61165 /* Preview Assets.xcassets in Resources */ = {isa = PBXBuildFile; fileRef = 5107F5BC2C24C0FF00F61165 /* Preview Assets.xcassets */; };
		5107F5C92C24C18000F61165 /* CarpoolDetailView.swift in Sources */ = {isa = PBXBuildFile; fileRef = 5107F5C52C24C18000F61165 /* CarpoolDetailView.swift */; };
		5107F5CA2C24C18000F61165 /* MainView.swift in Sources */ = {isa = PBXBuildFile; fileRef = 5107F5C62C24C18000F61165 /* MainView.swift */; };
		5107F5CB2C24C18000F61165 /* MyCarpoolListView.swift in Sources */ = {isa = PBXBuildFile; fileRef = 5107F5C72C24C18000F61165 /* MyCarpoolListView.swift */; };
		5107F5CD2C24C19400F61165 /* Extensions.swift in Sources */ = {isa = PBXBuildFile; fileRef = 5107F5CC2C24C19400F61165 /* Extensions.swift */; };
		5107F5CF2C24C19D00F61165 /* PTTChannelManager.swift in Sources */ = {isa = PBXBuildFile; fileRef = 5107F5CE2C24C19D00F61165 /* PTTChannelManager.swift */; };
		5107F5D12C24C36E00F61165 /* Assets.xcassets in Resources */ = {isa = PBXBuildFile; fileRef = 5107F5D02C24C36E00F61165 /* Assets.xcassets */; };
/* End PBXBuildFile section */

/* Begin PBXFileReference section */
		5107F5B22C24C0FD00F61165 /* TTBBangBBang.app */ = {isa = PBXFileReference; explicitFileType = wrapper.application; includeInIndex = 0; path = TTBBangBBang.app; sourceTree = BUILT_PRODUCTS_DIR; };
		5107F5B52C24C0FD00F61165 /* TTBBangBBangApp.swift */ = {isa = PBXFileReference; lastKnownFileType = sourcecode.swift; path = TTBBangBBangApp.swift; sourceTree = "<group>"; };
		5107F5BC2C24C0FF00F61165 /* Preview Assets.xcassets */ = {isa = PBXFileReference; lastKnownFileType = folder.assetcatalog; path = "Preview Assets.xcassets"; sourceTree = "<group>"; };
		5107F5C32C24C11000F61165 /* Info.plist */ = {isa = PBXFileReference; lastKnownFileType = text.plist; path = Info.plist; sourceTree = "<group>"; };
		5107F5C42C24C11400F61165 /* TTBBangBBang.entitlements */ = {isa = PBXFileReference; lastKnownFileType = text.plist.entitlements; path = TTBBangBBang.entitlements; sourceTree = "<group>"; };
		5107F5C52C24C18000F61165 /* CarpoolDetailView.swift */ = {isa = PBXFileReference; fileEncoding = 4; lastKnownFileType = sourcecode.swift; path = CarpoolDetailView.swift; sourceTree = "<group>"; };
		5107F5C62C24C18000F61165 /* MainView.swift */ = {isa = PBXFileReference; fileEncoding = 4; lastKnownFileType = sourcecode.swift; path = MainView.swift; sourceTree = "<group>"; };
		5107F5C72C24C18000F61165 /* MyCarpoolListView.swift */ = {isa = PBXFileReference; fileEncoding = 4; lastKnownFileType = sourcecode.swift; path = MyCarpoolListView.swift; sourceTree = "<group>"; };
		5107F5CC2C24C19400F61165 /* Extensions.swift */ = {isa = PBXFileReference; fileEncoding = 4; lastKnownFileType = sourcecode.swift; path = Extensions.swift; sourceTree = "<group>"; };
		5107F5CE2C24C19D00F61165 /* PTTChannelManager.swift */ = {isa = PBXFileReference; fileEncoding = 4; lastKnownFileType = sourcecode.swift; path = PTTChannelManager.swift; sourceTree = "<group>"; };
		5107F5D02C24C36E00F61165 /* Assets.xcassets */ = {isa = PBXFileReference; lastKnownFileType = folder.assetcatalog; name = Assets.xcassets; path = ../../PushToTalkTest/TTBBangBBang/Assets.xcassets; sourceTree = "<group>"; };
/* End PBXFileReference section */

/* Begin PBXFrameworksBuildPhase section */
		5107F5AF2C24C0FD00F61165 /* Frameworks */ = {
			isa = PBXFrameworksBuildPhase;
			buildActionMask = 2147483647;
			files = (
			);
			runOnlyForDeploymentPostprocessing = 0;
		};
/* End PBXFrameworksBuildPhase section */

/* Begin PBXGroup section */
		5107F5A92C24C0FD00F61165 = {
			isa = PBXGroup;
			children = (
				5107F5B42C24C0FD00F61165 /* TTBBangBBang */,
				5107F5B32C24C0FD00F61165 /* Products */,
			);
			sourceTree = "<group>";
		};
		5107F5B32C24C0FD00F61165 /* Products */ = {
			isa = PBXGroup;
			children = (
				5107F5B22C24C0FD00F61165 /* TTBBangBBang.app */,
			);
			name = Products;
			sourceTree = "<group>";
		};
		5107F5B42C24C0FD00F61165 /* TTBBangBBang */ = {
			isa = PBXGroup;
			children = (
				5107F5C82C24C18000F61165 /* Views */,
				5107F5C42C24C11400F61165 /* TTBBangBBang.entitlements */,
				5107F5C32C24C11000F61165 /* Info.plist */,
				5107F5B52C24C0FD00F61165 /* TTBBangBBangApp.swift */,
				5107F5CE2C24C19D00F61165 /* PTTChannelManager.swift */,
				5107F5CC2C24C19400F61165 /* Extensions.swift */,
				5107F5D02C24C36E00F61165 /* Assets.xcassets */,
				5107F5BB2C24C0FF00F61165 /* Preview Content */,
			);
			path = TTBBangBBang;
			sourceTree = "<group>";
		};
		5107F5BB2C24C0FF00F61165 /* Preview Content */ = {
			isa = PBXGroup;
			children = (
				5107F5BC2C24C0FF00F61165 /* Preview Assets.xcassets */,
			);
			path = "Preview Content";
			sourceTree = "<group>";
		};
		5107F5C82C24C18000F61165 /* Views */ = {
			isa = PBXGroup;
			children = (
				5107F5C52C24C18000F61165 /* CarpoolDetailView.swift */,
				5107F5C62C24C18000F61165 /* MainView.swift */,
				5107F5C72C24C18000F61165 /* MyCarpoolListView.swift */,
			);
			path = Views;
			sourceTree = "<group>";
		};
/* End PBXGroup section */

/* Begin PBXNativeTarget section */
		5107F5B12C24C0FD00F61165 /* TTBBangBBang */ = {
			isa = PBXNativeTarget;
			buildConfigurationList = 5107F5C02C24C0FF00F61165 /* Build configuration list for PBXNativeTarget "TTBBangBBang" */;
			buildPhases = (
				5107F5AE2C24C0FD00F61165 /* Sources */,
				5107F5AF2C24C0FD00F61165 /* Frameworks */,
				5107F5B02C24C0FD00F61165 /* Resources */,
			);
			buildRules = (
			);
			dependencies = (
			);
			name = TTBBangBBang;
			productName = TTBBangBBang;
			productReference = 5107F5B22C24C0FD00F61165 /* TTBBangBBang.app */;
			productType = "com.apple.product-type.application";
		};
/* End PBXNativeTarget section */

/* Begin PBXProject section */
		5107F5AA2C24C0FD00F61165 /* Project object */ = {
			isa = PBXProject;
			attributes = {
				BuildIndependentTargetsInParallel = 1;
				LastSwiftUpdateCheck = 1530;
				LastUpgradeCheck = 1530;
				TargetAttributes = {
					5107F5B12C24C0FD00F61165 = {
						CreatedOnToolsVersion = 15.3;
					};
				};
			};
			buildConfigurationList = 5107F5AD2C24C0FD00F61165 /* Build configuration list for PBXProject "TTBBangBBang" */;
			compatibilityVersion = "Xcode 14.0";
			developmentRegion = en;
			hasScannedForEncodings = 0;
			knownRegions = (
				en,
				Base,
			);
			mainGroup = 5107F5A92C24C0FD00F61165;
			productRefGroup = 5107F5B32C24C0FD00F61165 /* Products */;
			projectDirPath = "";
			projectRoot = "";
			targets = (
				5107F5B12C24C0FD00F61165 /* TTBBangBBang */,
			);
		};
/* End PBXProject section */

/* Begin PBXResourcesBuildPhase section */
		5107F5B02C24C0FD00F61165 /* Resources */ = {
			isa = PBXResourcesBuildPhase;
			buildActionMask = 2147483647;
			files = (
				5107F5BD2C24C0FF00F61165 /* Preview Assets.xcassets in Resources */,
				5107F5D12C24C36E00F61165 /* Assets.xcassets in Resources */,
			);
			runOnlyForDeploymentPostprocessing = 0;
		};
/* End PBXResourcesBuildPhase section */

/* Begin PBXSourcesBuildPhase section */
		5107F5AE2C24C0FD00F61165 /* Sources */ = {
			isa = PBXSourcesBuildPhase;
			buildActionMask = 2147483647;
			files = (
				5107F5CB2C24C18000F61165 /* MyCarpoolListView.swift in Sources */,
				5107F5CD2C24C19400F61165 /* Extensions.swift in Sources */,
				5107F5C92C24C18000F61165 /* CarpoolDetailView.swift in Sources */,
				5107F5CF2C24C19D00F61165 /* PTTChannelManager.swift in Sources */,
				5107F5CA2C24C18000F61165 /* MainView.swift in Sources */,
				5107F5B62C24C0FD00F61165 /* TTBBangBBangApp.swift in Sources */,
			);
			runOnlyForDeploymentPostprocessing = 0;
		};
/* End PBXSourcesBuildPhase section */

/* Begin XCBuildConfiguration section */
		5107F5BE2C24C0FF00F61165 /* Debug */ = {
			isa = XCBuildConfiguration;
			buildSettings = {
				ALWAYS_SEARCH_USER_PATHS = NO;
				ASSETCATALOG_COMPILER_GENERATE_SWIFT_ASSET_SYMBOL_EXTENSIONS = YES;
				CLANG_ANALYZER_NONNULL = YES;
				CLANG_ANALYZER_NUMBER_OBJECT_CONVERSION = YES_AGGRESSIVE;
				CLANG_CXX_LANGUAGE_STANDARD = "gnu++20";
				CLANG_ENABLE_MODULES = YES;
				CLANG_ENABLE_OBJC_ARC = YES;
				CLANG_ENABLE_OBJC_WEAK = YES;
				CLANG_WARN_BLOCK_CAPTURE_AUTORELEASING = YES;
				CLANG_WARN_BOOL_CONVERSION = YES;
				CLANG_WARN_COMMA = YES;
				CLANG_WARN_CONSTANT_CONVERSION = YES;
				CLANG_WARN_DEPRECATED_OBJC_IMPLEMENTATIONS = YES;
				CLANG_WARN_DIRECT_OBJC_ISA_USAGE = YES_ERROR;
				CLANG_WARN_DOCUMENTATION_COMMENTS = YES;
				CLANG_WARN_EMPTY_BODY = YES;
				CLANG_WARN_ENUM_CONVERSION = YES;
				CLANG_WARN_INFINITE_RECURSION = YES;
				CLANG_WARN_INT_CONVERSION = YES;
				CLANG_WARN_NON_LITERAL_NULL_CONVERSION = YES;
				CLANG_WARN_OBJC_IMPLICIT_RETAIN_SELF = YES;
				CLANG_WARN_OBJC_LITERAL_CONVERSION = YES;
				CLANG_WARN_OBJC_ROOT_CLASS = YES_ERROR;
				CLANG_WARN_QUOTED_INCLUDE_IN_FRAMEWORK_HEADER = YES;
				CLANG_WARN_RANGE_LOOP_ANALYSIS = YES;
				CLANG_WARN_STRICT_PROTOTYPES = YES;
				CLANG_WARN_SUSPICIOUS_MOVE = YES;
				CLANG_WARN_UNGUARDED_AVAILABILITY = YES_AGGRESSIVE;
				CLANG_WARN_UNREACHABLE_CODE = YES;
				CLANG_WARN__DUPLICATE_METHOD_MATCH = YES;
				COPY_PHASE_STRIP = NO;
				DEBUG_INFORMATION_FORMAT = dwarf;
				ENABLE_STRICT_OBJC_MSGSEND = YES;
				ENABLE_TESTABILITY = YES;
				ENABLE_USER_SCRIPT_SANDBOXING = YES;
				GCC_C_LANGUAGE_STANDARD = gnu17;
				GCC_DYNAMIC_NO_PIC = NO;
				GCC_NO_COMMON_BLOCKS = YES;
				GCC_OPTIMIZATION_LEVEL = 0;
				GCC_PREPROCESSOR_DEFINITIONS = (
					"DEBUG=1",
					"$(inherited)",
				);
				GCC_WARN_64_TO_32_BIT_CONVERSION = YES;
				GCC_WARN_ABOUT_RETURN_TYPE = YES_ERROR;
				GCC_WARN_UNDECLARED_SELECTOR = YES;
				GCC_WARN_UNINITIALIZED_AUTOS = YES_AGGRESSIVE;
				GCC_WARN_UNUSED_FUNCTION = YES;
				GCC_WARN_UNUSED_VARIABLE = YES;
				IPHONEOS_DEPLOYMENT_TARGET = 17.0;
				LOCALIZATION_PREFERS_STRING_CATALOGS = YES;
				MTL_ENABLE_DEBUG_INFO = INCLUDE_SOURCE;
				MTL_FAST_MATH = YES;
				ONLY_ACTIVE_ARCH = YES;
				SDKROOT = iphoneos;
				SWIFT_ACTIVE_COMPILATION_CONDITIONS = "DEBUG $(inherited)";
				SWIFT_OPTIMIZATION_LEVEL = "-Onone";
			};
			name = Debug;
		};
		5107F5BF2C24C0FF00F61165 /* Release */ = {
			isa = XCBuildConfiguration;
			buildSettings = {
				ALWAYS_SEARCH_USER_PATHS = NO;
				ASSETCATALOG_COMPILER_GENERATE_SWIFT_ASSET_SYMBOL_EXTENSIONS = YES;
				CLANG_ANALYZER_NONNULL = YES;
				CLANG_ANALYZER_NUMBER_OBJECT_CONVERSION = YES_AGGRESSIVE;
				CLANG_CXX_LANGUAGE_STANDARD = "gnu++20";
				CLANG_ENABLE_MODULES = YES;
				CLANG_ENABLE_OBJC_ARC = YES;
				CLANG_ENABLE_OBJC_WEAK = YES;
				CLANG_WARN_BLOCK_CAPTURE_AUTORELEASING = YES;
				CLANG_WARN_BOOL_CONVERSION = YES;
				CLANG_WARN_COMMA = YES;
				CLANG_WARN_CONSTANT_CONVERSION = YES;
				CLANG_WARN_DEPRECATED_OBJC_IMPLEMENTATIONS = YES;
				CLANG_WARN_DIRECT_OBJC_ISA_USAGE = YES_ERROR;
				CLANG_WARN_DOCUMENTATION_COMMENTS = YES;
				CLANG_WARN_EMPTY_BODY = YES;
				CLANG_WARN_ENUM_CONVERSION = YES;
				CLANG_WARN_INFINITE_RECURSION = YES;
				CLANG_WARN_INT_CONVERSION = YES;
				CLANG_WARN_NON_LITERAL_NULL_CONVERSION = YES;
				CLANG_WARN_OBJC_IMPLICIT_RETAIN_SELF = YES;
				CLANG_WARN_OBJC_LITERAL_CONVERSION = YES;
				CLANG_WARN_OBJC_ROOT_CLASS = YES_ERROR;
				CLANG_WARN_QUOTED_INCLUDE_IN_FRAMEWORK_HEADER = YES;
				CLANG_WARN_RANGE_LOOP_ANALYSIS = YES;
				CLANG_WARN_STRICT_PROTOTYPES = YES;
				CLANG_WARN_SUSPICIOUS_MOVE = YES;
				CLANG_WARN_UNGUARDED_AVAILABILITY = YES_AGGRESSIVE;
				CLANG_WARN_UNREACHABLE_CODE = YES;
				CLANG_WARN__DUPLICATE_METHOD_MATCH = YES;
				COPY_PHASE_STRIP = NO;
				DEBUG_INFORMATION_FORMAT = "dwarf-with-dsym";
				ENABLE_NS_ASSERTIONS = NO;
				ENABLE_STRICT_OBJC_MSGSEND = YES;
				ENABLE_USER_SCRIPT_SANDBOXING = YES;
				GCC_C_LANGUAGE_STANDARD = gnu17;
				GCC_NO_COMMON_BLOCKS = YES;
				GCC_WARN_64_TO_32_BIT_CONVERSION = YES;
				GCC_WARN_ABOUT_RETURN_TYPE = YES_ERROR;
				GCC_WARN_UNDECLARED_SELECTOR = YES;
				GCC_WARN_UNINITIALIZED_AUTOS = YES_AGGRESSIVE;
				GCC_WARN_UNUSED_FUNCTION = YES;
				GCC_WARN_UNUSED_VARIABLE = YES;
				IPHONEOS_DEPLOYMENT_TARGET = 17.0;
				LOCALIZATION_PREFERS_STRING_CATALOGS = YES;
				MTL_ENABLE_DEBUG_INFO = NO;
				MTL_FAST_MATH = YES;
				SDKROOT = iphoneos;
				SWIFT_COMPILATION_MODE = wholemodule;
				VALIDATE_PRODUCT = YES;
			};
			name = Release;
		};
		5107F5C12C24C0FF00F61165 /* Debug */ = {
			isa = XCBuildConfiguration;
			buildSettings = {
				ASSETCATALOG_COMPILER_APPICON_NAME = AppIcon;
				ASSETCATALOG_COMPILER_GLOBAL_ACCENT_COLOR_NAME = AccentColor;
				CODE_SIGN_ENTITLEMENTS = TTBBangBBang/TTBBangBBang.entitlements;
				CODE_SIGN_STYLE = Automatic;
				CURRENT_PROJECT_VERSION = 1;
				DEVELOPMENT_ASSET_PATHS = "\"TTBBangBBang/Preview Content\"";
				DEVELOPMENT_TEAM = MJLL6UVT35;
				ENABLE_PREVIEWS = YES;
				GENERATE_INFOPLIST_FILE = YES;
				INFOPLIST_FILE = TTBBangBBang/Info.plist;
				INFOPLIST_KEY_NSMicrophoneUsageDescription = "Push To Talk 사용을 위한 음성 권한 필요";
				INFOPLIST_KEY_UIApplicationSceneManifest_Generation = YES;
				INFOPLIST_KEY_UIApplicationSupportsIndirectInputEvents = YES;
				INFOPLIST_KEY_UILaunchScreen_Generation = YES;
				INFOPLIST_KEY_UISupportedInterfaceOrientations_iPad = "UIInterfaceOrientationPortrait UIInterfaceOrientationPortraitUpsideDown UIInterfaceOrientationLandscapeLeft UIInterfaceOrientationLandscapeRight";
				INFOPLIST_KEY_UISupportedInterfaceOrientations_iPhone = "UIInterfaceOrientationPortrait UIInterfaceOrientationLandscapeLeft UIInterfaceOrientationLandscapeRight";
				IPHONEOS_DEPLOYMENT_TARGET = 17.0;
				LD_RUNPATH_SEARCH_PATHS = (
					"$(inherited)",
					"@executable_path/Frameworks",
				);
				MARKETING_VERSION = 1.0;
				PRODUCT_BUNDLE_IDENTIFIER = kr.keenie.TTBBangBBang;
				PRODUCT_NAME = "$(TARGET_NAME)";
				SWIFT_EMIT_LOC_STRINGS = YES;
				SWIFT_VERSION = 5.0;
				TARGETED_DEVICE_FAMILY = "1,2";
			};
			name = Debug;
		};
		5107F5C22C24C0FF00F61165 /* Release */ = {
			isa = XCBuildConfiguration;
			buildSettings = {
				ASSETCATALOG_COMPILER_APPICON_NAME = AppIcon;
				ASSETCATALOG_COMPILER_GLOBAL_ACCENT_COLOR_NAME = AccentColor;
				CODE_SIGN_ENTITLEMENTS = TTBBangBBang/TTBBangBBang.entitlements;
				CODE_SIGN_STYLE = Automatic;
				CURRENT_PROJECT_VERSION = 1;
				DEVELOPMENT_ASSET_PATHS = "\"TTBBangBBang/Preview Content\"";
				DEVELOPMENT_TEAM = MJLL6UVT35;
				ENABLE_PREVIEWS = YES;
				GENERATE_INFOPLIST_FILE = YES;
				INFOPLIST_FILE = TTBBangBBang/Info.plist;
				INFOPLIST_KEY_NSMicrophoneUsageDescription = "Push To Talk 사용을 위한 음성 권한 필요";
				INFOPLIST_KEY_UIApplicationSceneManifest_Generation = YES;
				INFOPLIST_KEY_UIApplicationSupportsIndirectInputEvents = YES;
				INFOPLIST_KEY_UILaunchScreen_Generation = YES;
				INFOPLIST_KEY_UISupportedInterfaceOrientations_iPad = "UIInterfaceOrientationPortrait UIInterfaceOrientationPortraitUpsideDown UIInterfaceOrientationLandscapeLeft UIInterfaceOrientationLandscapeRight";
				INFOPLIST_KEY_UISupportedInterfaceOrientations_iPhone = "UIInterfaceOrientationPortrait UIInterfaceOrientationLandscapeLeft UIInterfaceOrientationLandscapeRight";
				IPHONEOS_DEPLOYMENT_TARGET = 17.0;
				LD_RUNPATH_SEARCH_PATHS = (
					"$(inherited)",
					"@executable_path/Frameworks",
				);
				MARKETING_VERSION = 1.0;
				PRODUCT_BUNDLE_IDENTIFIER = kr.keenie.TTBBangBBang;
				PRODUCT_NAME = "$(TARGET_NAME)";
				SWIFT_EMIT_LOC_STRINGS = YES;
				SWIFT_VERSION = 5.0;
				TARGETED_DEVICE_FAMILY = "1,2";
			};
			name = Release;
		};
/* End XCBuildConfiguration section */

/* Begin XCConfigurationList section */
		5107F5AD2C24C0FD00F61165 /* Build configuration list for PBXProject "TTBBangBBang" */ = {
			isa = XCConfigurationList;
			buildConfigurations = (
				5107F5BE2C24C0FF00F61165 /* Debug */,
				5107F5BF2C24C0FF00F61165 /* Release */,
			);
			defaultConfigurationIsVisible = 0;
			defaultConfigurationName = Release;
		};
		5107F5C02C24C0FF00F61165 /* Build configuration list for PBXNativeTarget "TTBBangBBang" */ = {
			isa = XCConfigurationList;
			buildConfigurations = (
				5107F5C12C24C0FF00F61165 /* Debug */,
				5107F5C22C24C0FF00F61165 /* Release */,
			);
			defaultConfigurationIsVisible = 0;
			defaultConfigurationName = Release;
		};
/* End XCConfigurationList section */
	};
	rootObject = 5107F5AA2C24C0FD00F61165 /* Project object */;
}
